
Microsoft Visual Studio Solution File, Format Version 12.00
# Visual Studio 15
VisualStudioVersion = 15.0.28010.2016
MinimumVisualStudioVersion = 10.0.40219.1
Project("{FAE04EC0-301F-11D3-BF4B-00C04F79EFBC}") = "TestArea", "TestArea\TestArea.csproj", "{A1551F69-A4C3-4ACF-BAE9-C1E59E6243D0}"
EndProject
Project("{FAE04EC0-301F-11D3-BF4B-00C04F79EFBC}") = "Logger", "Logger\Logger\Logger.csproj", "{34DBE342-F2B4-404F-8A4A-1B251802861C}"
EndProject
Global
	GlobalSection(SolutionConfigurationPlatforms) = preSolution
		Debug|Any CPU = Debug|Any CPU
		Release|Any CPU = Release|Any CPU
	EndGlobalSection
	GlobalSection(ProjectConfigurationPlatforms) = postSolution
		{A1551F69-A4C3-4ACF-BAE9-C1E59E6243D0}.Debug|Any CPU.ActiveCfg = Debug|Any CPU
		{A1551F69-A4C3-4ACF-BAE9-C1E59E6243D0}.Debug|Any CPU.Build.0 = Debug|Any CPU
		{A1551F69-A4C3-4ACF-BAE9-C1E59E6243D0}.Release|Any CPU.ActiveCfg = Release|Any CPU
		{A1551F69-A4C3-4ACF-BAE9-C1E59E6243D0}.Release|Any CPU.Build.0 = Release|Any CPU
		{34DBE342-F2B4-404F-8A4A-1B251802861C}.Debug|Any CPU.ActiveCfg = Debug|Any CPU
		{34DBE342-F2B4-404F-8A4A-1B251802861C}.Debug|Any CPU.Build.0 = Debug|Any CPU
		{34DBE342-F2B4-404F-8A4A-1B251802861C}.Release|Any CPU.ActiveCfg = Release|Any CPU
		{34DBE342-F2B4-404F-8A4A-1B251802861C}.Release|Any CPU.Build.0 = Release|Any CPU
	EndGlobalSection
	GlobalSection(SolutionProperties) = preSolution
		HideSolutionNode = FALSE
	EndGlobalSection
	GlobalSection(ExtensibilityGlobals) = postSolution
		SolutionGuid = {68774E65-854F-4C4C-A4A1-7D1761A49316}
	EndGlobalSection
EndGlobal
